
Microsoft Visual Studio Solution File, Format Version 12.00
# Visual Studio 15
VisualStudioVersion = 15.0.35319.79
MinimumVisualStudioVersion = 10.0.40219.1
Project("{FAE04EC0-301F-11D3-BF4B-00C04F79EFBC}") = "YurtKayitSistemi", "YurtKayitSistemi.csproj", "{3B0D90FA-4013-4450-8C87-19092B388BE7}"
EndProject
Global
	GlobalSection(SolutionConfigurationPlatforms) = preSolution
		Debug|Any CPU = Debug|Any CPU
		Release|Any CPU = Release|Any CPU
	EndGlobalSection
	GlobalSection(ProjectConfigurationPlatforms) = postSolution
		{3B0D90FA-4013-4450-8C87-19092B388BE7}.Debug|Any CPU.ActiveCfg = Debug|Any CPU
		{3B0D90FA-4013-4450-8C87-19092B388BE7}.Debug|Any CPU.Build.0 = Debug|Any CPU
		{3B0D90FA-4013-4450-8C87-19092B388BE7}.Release|Any CPU.ActiveCfg = Release|Any CPU
		{3B0D90FA-4013-4450-8C87-19092B388BE7}.Release|Any CPU.Build.0 = Release|Any CPU
	EndGlobalSection
	GlobalSection(SolutionProperties) = preSolution
		HideSolutionNode = FALSE
	EndGlobalSection
	GlobalSection(ExtensibilityGlobals) = postSolution
		SolutionGuid = {36940D39-BECA-436F-A3D8-C9365B00E708}
	EndGlobalSection
EndGlobal
